
Microsoft Visual Studio Solution File, Format Version 12.00
# Visual Studio 2012
Project("{FAE04EC0-301F-11D3-BF4B-00C04F79EFBC}") = "GitTestApp", "GitTestApp\GitTestApp.csproj", "{7AF66186-9D25-4C94-9AED-ECF84A2401EC}"
EndProject
Global
	GlobalSection(SolutionConfigurationPlatforms) = preSolution
		Debug|Any CPU = Debug|Any CPU
		Release|Any CPU = Release|Any CPU
	EndGlobalSection
	GlobalSection(ProjectConfigurationPlatforms) = postSolution
		{7AF66186-9D25-4C94-9AED-ECF84A2401EC}.Debug|Any CPU.ActiveCfg = Debug|Any CPU
		{7AF66186-9D25-4C94-9AED-ECF84A2401EC}.Debug|Any CPU.Build.0 = Debug|Any CPU
		{7AF66186-9D25-4C94-9AED-ECF84A2401EC}.Release|Any CPU.ActiveCfg = Release|Any CPU
		{7AF66186-9D25-4C94-9AED-ECF84A2401EC}.Release|Any CPU.Build.0 = Release|Any CPU
	EndGlobalSection
	GlobalSection(SolutionProperties) = preSolution
		HideSolutionNode = FALSE
	EndGlobalSection
EndGlobal
